// !$*UTF8*$!
{
	archiveVersion = 1;
	classes = {
	};
	objectVersion = 50;
	objects = {

/* Begin PBXBuildFile section */
		3D231D7822A52A9D00051EB9 /* AppDelegate.swift in Sources */ = {isa = PBXBuildFile; fileRef = 3D231D7722A52A9D00051EB9 /* AppDelegate.swift */; };
		3D231D7A22A52A9D00051EB9 /* ViewController.swift in Sources */ = {isa = PBXBuildFile; fileRef = 3D231D7922A52A9D00051EB9 /* ViewController.swift */; };
		3D231D7D22A52A9D00051EB9 /* Main.storyboard in Resources */ = {isa = PBXBuildFile; fileRef = 3D231D7B22A52A9D00051EB9 /* Main.storyboard */; };
		3D231D7F22A52A9F00051EB9 /* Assets.xcassets in Resources */ = {isa = PBXBuildFile; fileRef = 3D231D7E22A52A9F00051EB9 /* Assets.xcassets */; };
		3D231D8222A52A9F00051EB9 /* LaunchScreen.storyboard in Resources */ = {isa = PBXBuildFile; fileRef = 3D231D8022A52A9F00051EB9 /* LaunchScreen.storyboard */; };
		3D231D8A22A52D4C00051EB9 /* GoogleService-Info.plist in Resources */ = {isa = PBXBuildFile; fileRef = 3D231D8922A52D4C00051EB9 /* GoogleService-Info.plist */; };
		3D231D8C22A538C600051EB9 /* AddProfileViewController.swift in Sources */ = {isa = PBXBuildFile; fileRef = 3D231D8B22A538C600051EB9 /* AddProfileViewController.swift */; };
		3D231D8E22A54AA500051EB9 /* Theme.swift in Sources */ = {isa = PBXBuildFile; fileRef = 3D231D8D22A54AA500051EB9 /* Theme.swift */; };
		3D231D9622A54D8500051EB9 /* CustomCellTableViewCell.swift in Sources */ = {isa = PBXBuildFile; fileRef = 3D231D9422A54D8500051EB9 /* CustomCellTableViewCell.swift */; };
		3D231D9722A54D8500051EB9 /* CustomCellTableViewCell.xib in Resources */ = {isa = PBXBuildFile; fileRef = 3D231D9522A54D8500051EB9 /* CustomCellTableViewCell.xib */; };
		3D8A7F2022A6452B002626E9 /* Profile.swift in Sources */ = {isa = PBXBuildFile; fileRef = 3D8A7F1F22A6452B002626E9 /* Profile.swift */; };
		3DD8E6EE22B8F84D00FDF1BC /* ProfileDetailViewController.swift in Sources */ = {isa = PBXBuildFile; fileRef = 3DD8E6ED22B8F84D00FDF1BC /* ProfileDetailViewController.swift */; };
		FF7832F2DC31E2C718A4F2B8 /* Pods_ProfileFirebaseDemo.framework in Frameworks */ = {isa = PBXBuildFile; fileRef = E8054FA208AC4997001D8CA0 /* Pods_ProfileFirebaseDemo.framework */; };
/* End PBXBuildFile section */

/* Begin PBXFileReference section */
		3D231D7422A52A9D00051EB9 /* ProfileFirebaseDemo.app */ = {isa = PBXFileReference; explicitFileType = wrapper.application; includeInIndex = 0; path = ProfileFirebaseDemo.app; sourceTree = BUILT_PRODUCTS_DIR; };
		3D231D7722A52A9D00051EB9 /* AppDelegate.swift */ = {isa = PBXFileReference; lastKnownFileType = sourcecode.swift; path = AppDelegate.swift; sourceTree = "<group>"; };
		3D231D7922A52A9D00051EB9 /* ViewController.swift */ = {isa = PBXFileReference; lastKnownFileType = sourcecode.swift; path = ViewController.swift; sourceTree = "<group>"; };
		3D231D7C22A52A9D00051EB9 /* Base */ = {isa = PBXFileReference; lastKnownFileType = file.storyboard; name = Base; path = Base.lproj/Main.storyboard; sourceTree = "<group>"; };
		3D231D7E22A52A9F00051EB9 /* Assets.xcassets */ = {isa = PBXFileReference; lastKnownFileType = folder.assetcatalog; path = Assets.xcassets; sourceTree = "<group>"; };
		3D231D8122A52A9F00051EB9 /* Base */ = {isa = PBXFileReference; lastKnownFileType = file.storyboard; name = Base; path = Base.lproj/LaunchScreen.storyboard; sourceTree = "<group>"; };
		3D231D8322A52A9F00051EB9 /* Info.plist */ = {isa = PBXFileReference; lastKnownFileType = text.plist.xml; path = Info.plist; sourceTree = "<group>"; };
		3D231D8922A52D4C00051EB9 /* GoogleService-Info.plist */ = {isa = PBXFileReference; fileEncoding = 4; lastKnownFileType = text.plist.xml; path = "GoogleService-Info.plist"; sourceTree = "<group>"; };
		3D231D8B22A538C600051EB9 /* AddProfileViewController.swift */ = {isa = PBXFileReference; lastKnownFileType = sourcecode.swift; path = AddProfileViewController.swift; sourceTree = "<group>"; };
		3D231D8D22A54AA500051EB9 /* Theme.swift */ = {isa = PBXFileReference; lastKnownFileType = sourcecode.swift; path = Theme.swift; sourceTree = "<group>"; };
		3D231D9422A54D8500051EB9 /* CustomCellTableViewCell.swift */ = {isa = PBXFileReference; lastKnownFileType = sourcecode.swift; path = CustomCellTableViewCell.swift; sourceTree = "<group>"; };
		3D231D9522A54D8500051EB9 /* CustomCellTableViewCell.xib */ = {isa = PBXFileReference; lastKnownFileType = file.xib; path = CustomCellTableViewCell.xib; sourceTree = "<group>"; };
		3D8A7F1F22A6452B002626E9 /* Profile.swift */ = {isa = PBXFileReference; lastKnownFileType = sourcecode.swift; path = Profile.swift; sourceTree = "<group>"; };
		3DD8E6ED22B8F84D00FDF1BC /* ProfileDetailViewController.swift */ = {isa = PBXFileReference; lastKnownFileType = sourcecode.swift; path = ProfileDetailViewController.swift; sourceTree = "<group>"; };
		77310E0CDE39C0E573CE3EE1 /* Pods-ProfileFirebaseDemo.debug.xcconfig */ = {isa = PBXFileReference; includeInIndex = 1; lastKnownFileType = text.xcconfig; name = "Pods-ProfileFirebaseDemo.debug.xcconfig"; path = "Target Support Files/Pods-ProfileFirebaseDemo/Pods-ProfileFirebaseDemo.debug.xcconfig"; sourceTree = "<group>"; };
		E8054FA208AC4997001D8CA0 /* Pods_ProfileFirebaseDemo.framework */ = {isa = PBXFileReference; explicitFileType = wrapper.framework; includeInIndex = 0; path = Pods_ProfileFirebaseDemo.framework; sourceTree = BUILT_PRODUCTS_DIR; };
		EDA0C52CB20F5AF33D4D6FC1 /* Pods-ProfileFirebaseDemo.release.xcconfig */ = {isa = PBXFileReference; includeInIndex = 1; lastKnownFileType = text.xcconfig; name = "Pods-ProfileFirebaseDemo.release.xcconfig"; path = "Target Support Files/Pods-ProfileFirebaseDemo/Pods-ProfileFirebaseDemo.release.xcconfig"; sourceTree = "<group>"; };
/* End PBXFileReference section */

/* Begin PBXFrameworksBuildPhase section */
		3D231D7122A52A9D00051EB9 /* Frameworks */ = {
			isa = PBXFrameworksBuildPhase;
			buildActionMask = 2147483647;
			files = (
				FF7832F2DC31E2C718A4F2B8 /* Pods_ProfileFirebaseDemo.framework in Frameworks */,
			);
			runOnlyForDeploymentPostprocessing = 0;
		};
/* End PBXFrameworksBuildPhase section */

/* Begin PBXGroup section */
		093B8DAA0956A7D8D9A5B24D /* Frameworks */ = {
			isa = PBXGroup;
			children = (
				E8054FA208AC4997001D8CA0 /* Pods_ProfileFirebaseDemo.framework */,
			);
			name = Frameworks;
			sourceTree = "<group>";
		};
		3D231D6B22A52A9D00051EB9 = {
			isa = PBXGroup;
			children = (
				3D231D7622A52A9D00051EB9 /* ProfileFirebaseDemo */,
				3D231D7522A52A9D00051EB9 /* Products */,
				CF292C4D72FC578D40786DA0 /* Pods */,
				093B8DAA0956A7D8D9A5B24D /* Frameworks */,
			);
			sourceTree = "<group>";
		};
		3D231D7522A52A9D00051EB9 /* Products */ = {
			isa = PBXGroup;
			children = (
				3D231D7422A52A9D00051EB9 /* ProfileFirebaseDemo.app */,
			);
			name = Products;
			sourceTree = "<group>";
		};
		3D231D7622A52A9D00051EB9 /* ProfileFirebaseDemo */ = {
			isa = PBXGroup;
			children = (
				3D231D8322A52A9F00051EB9 /* Info.plist */,
				3D231D8922A52D4C00051EB9 /* GoogleService-Info.plist */,
				3D231D9222A54D0000051EB9 /* Supporting Files */,
				3D231D9122A54CB900051EB9 /* Controller */,
				3D231D9022A54CB100051EB9 /* View */,
				3D231D8F22A54CA700051EB9 /* Model */,
				3D231D7E22A52A9F00051EB9 /* Assets.xcassets */,
			);
			path = ProfileFirebaseDemo;
			sourceTree = "<group>";
		};
		3D231D8F22A54CA700051EB9 /* Model */ = {
			isa = PBXGroup;
			children = (
				3D8A7F1F22A6452B002626E9 /* Profile.swift */,
			);
			path = Model;
			sourceTree = "<group>";
		};
		3D231D9022A54CB100051EB9 /* View */ = {
			isa = PBXGroup;
			children = (
				3D231D9322A54D6000051EB9 /* Custom Cell */,
				3D231D8022A52A9F00051EB9 /* LaunchScreen.storyboard */,
				3D231D8D22A54AA500051EB9 /* Theme.swift */,
				3D231D7B22A52A9D00051EB9 /* Main.storyboard */,
			);
			path = View;
			sourceTree = "<group>";
		};
		3D231D9122A54CB900051EB9 /* Controller */ = {
			isa = PBXGroup;
			children = (
				3D231D7722A52A9D00051EB9 /* AppDelegate.swift */,
				3D231D7922A52A9D00051EB9 /* ViewController.swift */,
				3D231D8B22A538C600051EB9 /* AddProfileViewController.swift */,
				3DD8E6ED22B8F84D00FDF1BC /* ProfileDetailViewController.swift */,
			);
			path = Controller;
			sourceTree = "<group>";
		};
		3D231D9222A54D0000051EB9 /* Supporting Files */ = {
			isa = PBXGroup;
			children = (
			);
			path = "Supporting Files";
			sourceTree = "<group>";
		};
		3D231D9322A54D6000051EB9 /* Custom Cell */ = {
			isa = PBXGroup;
			children = (
				3D231D9422A54D8500051EB9 /* CustomCellTableViewCell.swift */,
				3D231D9522A54D8500051EB9 /* CustomCellTableViewCell.xib */,
			);
			path = "Custom Cell";
			sourceTree = "<group>";
		};
		CF292C4D72FC578D40786DA0 /* Pods */ = {
			isa = PBXGroup;
			children = (
				77310E0CDE39C0E573CE3EE1 /* Pods-ProfileFirebaseDemo.debug.xcconfig */,
				EDA0C52CB20F5AF33D4D6FC1 /* Pods-ProfileFirebaseDemo.release.xcconfig */,
			);
			path = Pods;
			sourceTree = "<group>";
		};
/* End PBXGroup section */

/* Begin PBXNativeTarget section */
		3D231D7322A52A9D00051EB9 /* ProfileFirebaseDemo */ = {
			isa = PBXNativeTarget;
			buildConfigurationList = 3D231D8622A52A9F00051EB9 /* Build configuration list for PBXNativeTarget "ProfileFirebaseDemo" */;
			buildPhases = (
				42B417C68E061E9C74A01340 /* [CP] Check Pods Manifest.lock */,
				3D231D7022A52A9D00051EB9 /* Sources */,
				3D231D7122A52A9D00051EB9 /* Frameworks */,
				3D231D7222A52A9D00051EB9 /* Resources */,
				6B0AA58CD8F63E22E1D78980 /* [CP] Embed Pods Frameworks */,
			);
			buildRules = (
			);
			dependencies = (
			);
			name = ProfileFirebaseDemo;
			productName = ProfileFirebaseDemo;
			productReference = 3D231D7422A52A9D00051EB9 /* ProfileFirebaseDemo.app */;
			productType = "com.apple.product-type.application";
		};
/* End PBXNativeTarget section */

/* Begin PBXProject section */
		3D231D6C22A52A9D00051EB9 /* Project object */ = {
			isa = PBXProject;
			attributes = {
				LastSwiftUpdateCheck = 1020;
				LastUpgradeCheck = 1020;
				ORGANIZATIONNAME = hemangi;
				TargetAttributes = {
					3D231D7322A52A9D00051EB9 = {
						CreatedOnToolsVersion = 10.2.1;
					};
				};
			};
			buildConfigurationList = 3D231D6F22A52A9D00051EB9 /* Build configuration list for PBXProject "ProfileFirebaseDemo" */;
			compatibilityVersion = "Xcode 9.3";
			developmentRegion = en;
			hasScannedForEncodings = 0;
			knownRegions = (
				en,
				Base,
			);
			mainGroup = 3D231D6B22A52A9D00051EB9;
			productRefGroup = 3D231D7522A52A9D00051EB9 /* Products */;
			projectDirPath = "";
			projectRoot = "";
			targets = (
				3D231D7322A52A9D00051EB9 /* ProfileFirebaseDemo */,
			);
		};
/* End PBXProject section */

/* Begin PBXResourcesBuildPhase section */
		3D231D7222A52A9D00051EB9 /* Resources */ = {
			isa = PBXResourcesBuildPhase;
			buildActionMask = 2147483647;
			files = (
				3D231D8222A52A9F00051EB9 /* LaunchScreen.storyboard in Resources */,
				3D231D7F22A52A9F00051EB9 /* Assets.xcassets in Resources */,
				3D231D9722A54D8500051EB9 /* CustomCellTableViewCell.xib in Resources */,
				3D231D7D22A52A9D00051EB9 /* Main.storyboard in Resources */,
				3D231D8A22A52D4C00051EB9 /* GoogleService-Info.plist in Resources */,
			);
			runOnlyForDeploymentPostprocessing = 0;
		};
/* End PBXResourcesBuildPhase section */

/* Begin PBXShellScriptBuildPhase section */
		42B417C68E061E9C74A01340 /* [CP] Check Pods Manifest.lock */ = {
			isa = PBXShellScriptBuildPhase;
			buildActionMask = 2147483647;
			files = (
			);
			inputFileListPaths = (
			);
			inputPaths = (
				"${PODS_PODFILE_DIR_PATH}/Podfile.lock",
				"${PODS_ROOT}/Manifest.lock",
			);
			name = "[CP] Check Pods Manifest.lock";
			outputFileListPaths = (
			);
			outputPaths = (
				"$(DERIVED_FILE_DIR)/Pods-ProfileFirebaseDemo-checkManifestLockResult.txt",
			);
			runOnlyForDeploymentPostprocessing = 0;
			shellPath = /bin/sh;
			shellScript = "diff \"${PODS_PODFILE_DIR_PATH}/Podfile.lock\" \"${PODS_ROOT}/Manifest.lock\" > /dev/null\nif [ $? != 0 ] ; then\n    # print error to STDERR\n    echo \"error: The sandbox is not in sync with the Podfile.lock. Run 'pod install' or update your CocoaPods installation.\" >&2\n    exit 1\nfi\n# This output is used by Xcode 'outputs' to avoid re-running this script phase.\necho \"SUCCESS\" > \"${SCRIPT_OUTPUT_FILE_0}\"\n";
			showEnvVarsInLog = 0;
		};
		6B0AA58CD8F63E22E1D78980 /* [CP] Embed Pods Frameworks */ = {
			isa = PBXShellScriptBuildPhase;
			buildActionMask = 2147483647;
			files = (
			);
			inputFileListPaths = (
			);
			inputPaths = (
				"${PODS_ROOT}/Target Support Files/Pods-ProfileFirebaseDemo/Pods-ProfileFirebaseDemo-frameworks.sh",
				"${BUILT_PRODUCTS_DIR}/GTMSessionFetcher/GTMSessionFetcher.framework",
				"${BUILT_PRODUCTS_DIR}/GoogleUtilities/GoogleUtilities.framework",
				"${BUILT_PRODUCTS_DIR}/IQKeyboardManagerSwift/IQKeyboardManagerSwift.framework",
				"${BUILT_PRODUCTS_DIR}/Kingfisher/Kingfisher.framework",
				"${BUILT_PRODUCTS_DIR}/MYTableViewIndex/MYTableViewIndex.framework",
				"${BUILT_PRODUCTS_DIR}/leveldb-library/leveldb.framework",
				"${BUILT_PRODUCTS_DIR}/nanopb/nanopb.framework",
			);
			name = "[CP] Embed Pods Frameworks";
			outputFileListPaths = (
			);
			outputPaths = (
				"${TARGET_BUILD_DIR}/${FRAMEWORKS_FOLDER_PATH}/GTMSessionFetcher.framework",
				"${TARGET_BUILD_DIR}/${FRAMEWORKS_FOLDER_PATH}/GoogleUtilities.framework",
				"${TARGET_BUILD_DIR}/${FRAMEWORKS_FOLDER_PATH}/IQKeyboardManagerSwift.framework",
				"${TARGET_BUILD_DIR}/${FRAMEWORKS_FOLDER_PATH}/Kingfisher.framework",
				"${TARGET_BUILD_DIR}/${FRAMEWORKS_FOLDER_PATH}/MYTableViewIndex.framework",
				"${TARGET_BUILD_DIR}/${FRAMEWORKS_FOLDER_PATH}/leveldb.framework",
				"${TARGET_BUILD_DIR}/${FRAMEWORKS_FOLDER_PATH}/nanopb.framework",
			);
			runOnlyForDeploymentPostprocessing = 0;
			shellPath = /bin/sh;
			shellScript = "\"${PODS_ROOT}/Target Support Files/Pods-ProfileFirebaseDemo/Pods-ProfileFirebaseDemo-frameworks.sh\"\n";
			showEnvVarsInLog = 0;
		};
/* End PBXShellScriptBuildPhase section */

/* Begin PBXSourcesBuildPhase section */
		3D231D7022A52A9D00051EB9 /* Sources */ = {
			isa = PBXSourcesBuildPhase;
			buildActionMask = 2147483647;
			files = (
				3D231D7A22A52A9D00051EB9 /* ViewController.swift in Sources */,
				3D8A7F2022A6452B002626E9 /* Profile.swift in Sources */,
				3D231D8E22A54AA500051EB9 /* Theme.swift in Sources */,
				3D231D8C22A538C600051EB9 /* AddProfileViewController.swift in Sources */,
				3D231D9622A54D8500051EB9 /* CustomCellTableViewCell.swift in Sources */,
				3DD8E6EE22B8F84D00FDF1BC /* ProfileDetailViewController.swift in Sources */,
				3D231D7822A52A9D00051EB9 /* AppDelegate.swift in Sources */,
			);
			runOnlyForDeploymentPostprocessing = 0;
		};
/* End PBXSourcesBuildPhase section */

/* Begin PBXVariantGroup section */
		3D231D7B22A52A9D00051EB9 /* Main.storyboard */ = {
			isa = PBXVariantGroup;
			children = (
				3D231D7C22A52A9D00051EB9 /* Base */,
			);
			name = Main.storyboard;
			sourceTree = "<group>";
		};
		3D231D8022A52A9F00051EB9 /* LaunchScreen.storyboard */ = {
			isa = PBXVariantGroup;
			children = (
				3D231D8122A52A9F00051EB9 /* Base */,
			);
			name = LaunchScreen.storyboard;
			sourceTree = "<group>";
		};
/* End PBXVariantGroup section */

/* Begin XCBuildConfiguration section */
		3D231D8422A52A9F00051EB9 /* Debug */ = {
			isa = XCBuildConfiguration;
			buildSettings = {
				ALWAYS_SEARCH_USER_PATHS = NO;
				CLANG_ANALYZER_NONNULL = YES;
				CLANG_ANALYZER_NUMBER_OBJECT_CONVERSION = YES_AGGRESSIVE;
				CLANG_CXX_LANGUAGE_STANDARD = "gnu++14";
				CLANG_CXX_LIBRARY = "libc++";
				CLANG_ENABLE_MODULES = YES;
				CLANG_ENABLE_OBJC_ARC = YES;
				CLANG_ENABLE_OBJC_WEAK = YES;
				CLANG_WARN_BLOCK_CAPTURE_AUTORELEASING = YES;
				CLANG_WARN_BOOL_CONVERSION = YES;
				CLANG_WARN_COMMA = YES;
				CLANG_WARN_CONSTANT_CONVERSION = YES;
				CLANG_WARN_DEPRECATED_OBJC_IMPLEMENTATIONS = YES;
				CLANG_WARN_DIRECT_OBJC_ISA_USAGE = YES_ERROR;
				CLANG_WARN_DOCUMENTATION_COMMENTS = YES;
				CLANG_WARN_EMPTY_BODY = YES;
				CLANG_WARN_ENUM_CONVERSION = YES;
				CLANG_WARN_INFINITE_RECURSION = YES;
				CLANG_WARN_INT_CONVERSION = YES;
				CLANG_WARN_NON_LITERAL_NULL_CONVERSION = YES;
				CLANG_WARN_OBJC_IMPLICIT_RETAIN_SELF = YES;
				CLANG_WARN_OBJC_LITERAL_CONVERSION = YES;
				CLANG_WARN_OBJC_ROOT_CLASS = YES_ERROR;
				CLANG_WARN_RANGE_LOOP_ANALYSIS = YES;
				CLANG_WARN_STRICT_PROTOTYPES = YES;
				CLANG_WARN_SUSPICIOUS_MOVE = YES;
				CLANG_WARN_UNGUARDED_AVAILABILITY = YES_AGGRESSIVE;
				CLANG_WARN_UNREACHABLE_CODE = YES;
				CLANG_WARN__DUPLICATE_METHOD_MATCH = YES;
				CODE_SIGN_IDENTITY = "iPhone Developer";
				COPY_PHASE_STRIP = NO;
				DEBUG_INFORMATION_FORMAT = dwarf;
				ENABLE_STRICT_OBJC_MSGSEND = YES;
				ENABLE_TESTABILITY = YES;
				GCC_C_LANGUAGE_STANDARD = gnu11;
				GCC_DYNAMIC_NO_PIC = NO;
				GCC_NO_COMMON_BLOCKS = YES;
				GCC_OPTIMIZATION_LEVEL = 0;
				GCC_PREPROCESSOR_DEFINITIONS = (
					"DEBUG=1",
					"$(inherited)",
				);
				GCC_WARN_64_TO_32_BIT_CONVERSION = YES;
				GCC_WARN_ABOUT_RETURN_TYPE = YES_ERROR;
				GCC_WARN_UNDECLARED_SELECTOR = YES;
				GCC_WARN_UNINITIALIZED_AUTOS = YES_AGGRESSIVE;
				GCC_WARN_UNUSED_FUNCTION = YES;
				GCC_WARN_UNUSED_VARIABLE = YES;
				IPHONEOS_DEPLOYMENT_TARGET = 12.2;
				MTL_ENABLE_DEBUG_INFO = INCLUDE_SOURCE;
				MTL_FAST_MATH = YES;
				ONLY_ACTIVE_ARCH = YES;
				SDKROOT = iphoneos;
				SWIFT_ACTIVE_COMPILATION_CONDITIONS = DEBUG;
				SWIFT_OPTIMIZATION_LEVEL = "-Onone";
			};
			name = Debug;
		};
		3D231D8522A52A9F00051EB9 /* Release */ = {
			isa = XCBuildConfiguration;
			buildSettings = {
				ALWAYS_SEARCH_USER_PATHS = NO;
				CLANG_ANALYZER_NONNULL = YES;
				CLANG_ANALYZER_NUMBER_OBJECT_CONVERSION = YES_AGGRESSIVE;
				CLANG_CXX_LANGUAGE_STANDARD = "gnu++14";
				CLANG_CXX_LIBRARY = "libc++";
				CLANG_ENABLE_MODULES = YES;
				CLANG_ENABLE_OBJC_ARC = YES;
				CLANG_ENABLE_OBJC_WEAK = YES;
				CLANG_WARN_BLOCK_CAPTURE_AUTORELEASING = YES;
				CLANG_WARN_BOOL_CONVERSION = YES;
				CLANG_WARN_COMMA = YES;
				CLANG_WARN_CONSTANT_CONVERSION = YES;
				CLANG_WARN_DEPRECATED_OBJC_IMPLEMENTATIONS = YES;
				CLANG_WARN_DIRECT_OBJC_ISA_USAGE = YES_ERROR;
				CLANG_WARN_DOCUMENTATION_COMMENTS = YES;
				CLANG_WARN_EMPTY_BODY = YES;
				CLANG_WARN_ENUM_CONVERSION = YES;
				CLANG_WARN_INFINITE_RECURSION = YES;
				CLANG_WARN_INT_CONVERSION = YES;
				CLANG_WARN_NON_LITERAL_NULL_CONVERSION = YES;
				CLANG_WARN_OBJC_IMPLICIT_RETAIN_SELF = YES;
				CLANG_WARN_OBJC_LITERAL_CONVERSION = YES;
				CLANG_WARN_OBJC_ROOT_CLASS = YES_ERROR;
				CLANG_WARN_RANGE_LOOP_ANALYSIS = YES;
				CLANG_WARN_STRICT_PROTOTYPES = YES;
				CLANG_WARN_SUSPICIOUS_MOVE = YES;
				CLANG_WARN_UNGUARDED_AVAILABILITY = YES_AGGRESSIVE;
				CLANG_WARN_UNREACHABLE_CODE = YES;
				CLANG_WARN__DUPLICATE_METHOD_MATCH = YES;
				CODE_SIGN_IDENTITY = "iPhone Developer";
				COPY_PHASE_STRIP = NO;
				DEBUG_INFORMATION_FORMAT = "dwarf-with-dsym";
				ENABLE_NS_ASSERTIONS = NO;
				ENABLE_STRICT_OBJC_MSGSEND = YES;
				GCC_C_LANGUAGE_STANDARD = gnu11;
				GCC_NO_COMMON_BLOCKS = YES;
				GCC_WARN_64_TO_32_BIT_CONVERSION = YES;
				GCC_WARN_ABOUT_RETURN_TYPE = YES_ERROR;
				GCC_WARN_UNDECLARED_SELECTOR = YES;
				GCC_WARN_UNINITIALIZED_AUTOS = YES_AGGRESSIVE;
				GCC_WARN_UNUSED_FUNCTION = YES;
				GCC_WARN_UNUSED_VARIABLE = YES;
				IPHONEOS_DEPLOYMENT_TARGET = 12.2;
				MTL_ENABLE_DEBUG_INFO = NO;
				MTL_FAST_MATH = YES;
				SDKROOT = iphoneos;
				SWIFT_COMPILATION_MODE = wholemodule;
				SWIFT_OPTIMIZATION_LEVEL = "-O";
				VALIDATE_PRODUCT = YES;
			};
			name = Release;
		};
		3D231D8722A52A9F00051EB9 /* Debug */ = {
			isa = XCBuildConfiguration;
			baseConfigurationReference = 77310E0CDE39C0E573CE3EE1 /* Pods-ProfileFirebaseDemo.debug.xcconfig */;
			buildSettings = {
				ASSETCATALOG_COMPILER_APPICON_NAME = AppIcon;
				CODE_SIGN_STYLE = Automatic;
				DEVELOPMENT_TEAM = L73K63TP9E;
				INFOPLIST_FILE = ProfileFirebaseDemo/Info.plist;
				IPHONEOS_DEPLOYMENT_TARGET = 12.0;
				LD_RUNPATH_SEARCH_PATHS = (
					"$(inherited)",
					"@executable_path/Frameworks",
				);
				PRODUCT_BUNDLE_IDENTIFIER = com.solulab.ProfileFirebaseDemo;
				PRODUCT_NAME = "$(TARGET_NAME)";
				SWIFT_VERSION = 5.0;
				TARGETED_DEVICE_FAMILY = "1,2";
			};
			name = Debug;
		};
		3D231D8822A52A9F00051EB9 /* Release */ = {
			isa = XCBuildConfiguration;
			baseConfigurationReference = EDA0C52CB20F5AF33D4D6FC1 /* Pods-ProfileFirebaseDemo.release.xcconfig */;
			buildSettings = {
				ASSETCATALOG_COMPILER_APPICON_NAME = AppIcon;
				CODE_SIGN_STYLE = Automatic;
				DEVELOPMENT_TEAM = L73K63TP9E;
				INFOPLIST_FILE = ProfileFirebaseDemo/Info.plist;
				IPHONEOS_DEPLOYMENT_TARGET = 12.0;
				LD_RUNPATH_SEARCH_PATHS = (
					"$(inherited)",
					"@executable_path/Frameworks",
				);
				PRODUCT_BUNDLE_IDENTIFIER = com.solulab.ProfileFirebaseDemo;
				PRODUCT_NAME = "$(TARGET_NAME)";
				SWIFT_VERSION = 5.0;
				TARGETED_DEVICE_FAMILY = "1,2";
			};
			name = Release;
		};
/* End XCBuildConfiguration section */

/* Begin XCConfigurationList section */
		3D231D6F22A52A9D00051EB9 /* Build configuration list for PBXProject "ProfileFirebaseDemo" */ = {
			isa = XCConfigurationList;
			buildConfigurations = (
				3D231D8422A52A9F00051EB9 /* Debug */,
				3D231D8522A52A9F00051EB9 /* Release */,
			);
			defaultConfigurationIsVisible = 0;
			defaultConfigurationName = Release;
		};
		3D231D8622A52A9F00051EB9 /* Build configuration list for PBXNativeTarget "ProfileFirebaseDemo" */ = {
			isa = XCConfigurationList;
			buildConfigurations = (
				3D231D8722A52A9F00051EB9 /* Debug */,
				3D231D8822A52A9F00051EB9 /* Release */,
			);
			defaultConfigurationIsVisible = 0;
			defaultConfigurationName = Release;
		};
/* End XCConfigurationList section */
	};
	rootObject = 3D231D6C22A52A9D00051EB9 /* Project object */;
}
